{
  "version": 4,
  "terraform_version": "0.12.24",
  "serial": 4,
  "lineage": "29ae0ef8-90de-7230-9df7-9d5e67e965eb",
  "outputs": {
    "network_interface_ids": {
      "value": {
        "applied_dns_servers": [],
        "dns_servers": [],
        "enable_accelerated_networking": false,
        "enable_ip_forwarding": false,
        "id": "/subscriptions/51285dee-c1cd-4f73-bb11-d0c9323690cf/resourceGroups/Test_Ubuntu_1/providers/Microsoft.Network/networkInterfaces/Test_Ubuntu_1-nic",
        "internal_dns_name_label": "",
        "internal_domain_name_suffix": "3ghteq4n3n5ebj2qngixhhomxa.xx.internal.cloudapp.net",
        "ip_configuration": [
          {
            "name": "internal",
            "primary": true,
            "private_ip_address": "10.0.0.4",
            "private_ip_address_allocation": "Dynamic",
            "private_ip_address_version": "IPv4",
            "public_ip_address_id": "",
            "subnet_id": "/subscriptions/51285dee-c1cd-4f73-bb11-d0c9323690cf/resourceGroups/Test_Ubuntu_1/providers/Microsoft.Network/virtualNetworks/Test_Ubuntu_1/subnets/Ubuntu_1Subnet"
          }
        ],
        "location": "westus2",
        "mac_address": "",
        "name": "Test_Ubuntu_1-nic",
        "private_ip_address": "10.0.0.4",
        "private_ip_addresses": [
          "10.0.0.4"
        ],
        "resource_group_name": "Test_Ubuntu_1",
        "tags": null,
        "timeouts": null,
        "virtual_machine_id": ""
      },
      "type": [
        "object",
        {
          "applied_dns_servers": [
            "list",
            "string"
          ],
          "dns_servers": [
            "list",
            "string"
          ],
          "enable_accelerated_networking": "bool",
          "enable_ip_forwarding": "bool",
          "id": "string",
          "internal_dns_name_label": "string",
          "internal_domain_name_suffix": "string",
          "ip_configuration": [
            "list",
            [
              "object",
              {
                "name": "string",
                "primary": "bool",
                "private_ip_address": "string",
                "private_ip_address_allocation": "string",
                "private_ip_address_version": "string",
                "public_ip_address_id": "string",
                "subnet_id": "string"
              }
            ]
          ],
          "location": "string",
          "mac_address": "string",
          "name": "string",
          "private_ip_address": "string",
          "private_ip_addresses": [
            "list",
            "string"
          ],
          "resource_group_name": "string",
          "tags": [
            "map",
            "string"
          ],
          "timeouts": [
            "object",
            {
              "create": "string",
              "delete": "string",
              "read": "string",
              "update": "string"
            }
          ],
          "virtual_machine_id": "string"
        }
      ]
    }
  },
  "resources": [
    {
      "mode": "managed",
      "type": "azurerm_network_interface",
      "name": "example",
      "provider": "provider.azurerm",
      "instances": [
        {
          "schema_version": 0,
          "attributes": {
            "applied_dns_servers": [],
            "dns_servers": [],
            "enable_accelerated_networking": false,
            "enable_ip_forwarding": false,
            "id": "/subscriptions/51285dee-c1cd-4f73-bb11-d0c9323690cf/resourceGroups/Test_Ubuntu_1/providers/Microsoft.Network/networkInterfaces/Test_Ubuntu_1-nic",
            "internal_dns_name_label": "",
            "internal_domain_name_suffix": "3ghteq4n3n5ebj2qngixhhomxa.xx.internal.cloudapp.net",
            "ip_configuration": [
              {
                "name": "internal",
                "primary": true,
                "private_ip_address": "10.0.0.4",
                "private_ip_address_allocation": "Dynamic",
                "private_ip_address_version": "IPv4",
                "public_ip_address_id": "",
                "subnet_id": "/subscriptions/51285dee-c1cd-4f73-bb11-d0c9323690cf/resourceGroups/Test_Ubuntu_1/providers/Microsoft.Network/virtualNetworks/Test_Ubuntu_1/subnets/Ubuntu_1Subnet"
              }
            ],
            "location": "westus2",
            "mac_address": "",
            "name": "Test_Ubuntu_1-nic",
            "private_ip_address": "10.0.0.4",
            "private_ip_addresses": [
              "10.0.0.4"
            ],
            "resource_group_name": "Test_Ubuntu_1",
            "tags": null,
            "timeouts": null,
            "virtual_machine_id": ""
          },
          "private": "eyJlMmJmYjczMC1lY2FhLTExZTYtOGY4OC0zNDM2M2JjN2M0YzAiOnsiY3JlYXRlIjoxODAwMDAwMDAwMDAwLCJkZWxldGUiOjE4MDAwMDAwMDAwMDAsInJlYWQiOjMwMDAwMDAwMDAwMCwidXBkYXRlIjoxODAwMDAwMDAwMDAwfX0="
        }
      ]
    }
  ]
}
